// !$*UTF8*$!
{
	archiveVersion = 1;
	classes = {
	};
	objectVersion = 77;
	objects = {

/* Begin PBXBuildFile section */
		5CD0DAF32FE3930B002D0325 /* AppDelegate.swift in Sources */ = {isa = PBXBuildFile; fileRef = 5CD0DAF22FE3930B002D0325 /* AppDelegate.swift */; };
		5CD0DAF52FE3930B002D0325 /* SceneDelegate.swift in Sources */ = {isa = PBXBuildFile; fileRef = 5CD0DAF42FE3930B002D0325 /* SceneDelegate.swift */; };
		5CD0DAF82FE3930B002D0325 /* LaunchScreen.storyboard in Resources */ = {isa = PBXBuildFile; fileRef = 5CD0DAF62FE3930B002D0325 /* LaunchScreen.storyboard */; };
		5CD0DAFB2FE3930B002D0325 /* Main.storyboard in Resources */ = {isa = PBXBuildFile; fileRef = 5CD0DAF92FE3930B002D0325 /* Main.storyboard */; };
		5CD0DB042FE3930B002D0325 /* AppDelegate.swift in Sources */ = {isa = PBXBuildFile; fileRef = 5CD0DB032FE3930B002D0325 /* AppDelegate.swift */; };
		5CD0DB072FE3930B002D0325 /* Main.storyboard in Resources */ = {isa = PBXBuildFile; fileRef = 5CD0DB052FE3930B002D0325 /* Main.storyboard */; };
		5CD0DB0E2FE3930B002D0325 /* OpenEn Extension.appex in Embed Foundation Extensions */ = {isa = PBXBuildFile; fileRef = 5CD0DB0D2FE3930B002D0325 /* OpenEn Extension.appex */; settings = {ATTRIBUTES = (RemoveHeadersOnCopy, ); }; };
		5CD0DB182FE3930B002D0325 /* OpenEn Extension.appex in Embed Foundation Extensions */ = {isa = PBXBuildFile; fileRef = 5CD0DB172FE3930B002D0325 /* OpenEn Extension.appex */; settings = {ATTRIBUTES = (RemoveHeadersOnCopy, ); }; };
		5CD0DB1D2FE3930B002D0325 /* Main.html in Resources */ = {isa = PBXBuildFile; fileRef = 5CD0DAE22FE3930A002D0325 /* Main.html */; };
		5CD0DB1E2FE3930B002D0325 /* Main.html in Resources */ = {isa = PBXBuildFile; fileRef = 5CD0DAE22FE3930A002D0325 /* Main.html */; };
		5CD0DB1F2FE3930B002D0325 /* Icon.png in Resources */ = {isa = PBXBuildFile; fileRef = 5CD0DAE42FE3930A002D0325 /* Icon.png */; };
		5CD0DB202FE3930B002D0325 /* Icon.png in Resources */ = {isa = PBXBuildFile; fileRef = 5CD0DAE42FE3930A002D0325 /* Icon.png */; };
		5CD0DB212FE3930B002D0325 /* Style.css in Resources */ = {isa = PBXBuildFile; fileRef = 5CD0DAE52FE3930A002D0325 /* Style.css */; };
		5CD0DB222FE3930B002D0325 /* Style.css in Resources */ = {isa = PBXBuildFile; fileRef = 5CD0DAE52FE3930A002D0325 /* Style.css */; };
		5CD0DB232FE3930B002D0325 /* Script.js in Resources */ = {isa = PBXBuildFile; fileRef = 5CD0DAE62FE3930A002D0325 /* Script.js */; };
		5CD0DB242FE3930B002D0325 /* Script.js in Resources */ = {isa = PBXBuildFile; fileRef = 5CD0DAE62FE3930A002D0325 /* Script.js */; };
		5CD0DB252FE3930B002D0325 /* ViewController.swift in Sources */ = {isa = PBXBuildFile; fileRef = 5CD0DAE72FE3930A002D0325 /* ViewController.swift */; };
		5CD0DB262FE3930B002D0325 /* ViewController.swift in Sources */ = {isa = PBXBuildFile; fileRef = 5CD0DAE72FE3930A002D0325 /* ViewController.swift */; };
		5CD0DB272FE3930B002D0325 /* Assets.xcassets in Resources */ = {isa = PBXBuildFile; fileRef = 5CD0DAE82FE3930B002D0325 /* Assets.xcassets */; };
		5CD0DB282FE3930B002D0325 /* Assets.xcassets in Resources */ = {isa = PBXBuildFile; fileRef = 5CD0DAE82FE3930B002D0325 /* Assets.xcassets */; };
		5CD0DB292FE3930B002D0325 /* SafariWebExtensionHandler.swift in Sources */ = {isa = PBXBuildFile; fileRef = 5CD0DAEA2FE3930B002D0325 /* SafariWebExtensionHandler.swift */; };
		5CD0DB2A2FE3930B002D0325 /* SafariWebExtensionHandler.swift in Sources */ = {isa = PBXBuildFile; fileRef = 5CD0DAEA2FE3930B002D0325 /* SafariWebExtensionHandler.swift */; };
		5CD0DB402FE3930B002D0325 /* background in Resources */ = {isa = PBXBuildFile; fileRef = 5CD0DB3C2FE3930B002D0325 /* background */; };
		5CD0DB412FE3930B002D0325 /* ui in Resources */ = {isa = PBXBuildFile; fileRef = 5CD0DB3D2FE3930B002D0325 /* ui */; };
		5CD0DB422FE3930B002D0325 /* content in Resources */ = {isa = PBXBuildFile; fileRef = 5CD0DB3E2FE3930B002D0325 /* content */; };
		5CD0DB432FE3930B002D0325 /* manifest.json in Resources */ = {isa = PBXBuildFile; fileRef = 5CD0DB3F2FE3930B002D0325 /* manifest.json */; };
		5CD0DB442FE3930B002D0325 /* background in Resources */ = {isa = PBXBuildFile; fileRef = 5CD0DB3C2FE3930B002D0325 /* background */; };
		5CD0DB452FE3930B002D0325 /* ui in Resources */ = {isa = PBXBuildFile; fileRef = 5CD0DB3D2FE3930B002D0325 /* ui */; };
		5CD0DB462FE3930B002D0325 /* content in Resources */ = {isa = PBXBuildFile; fileRef = 5CD0DB3E2FE3930B002D0325 /* content */; };
		5CD0DB472FE3930B002D0325 /* manifest.json in Resources */ = {isa = PBXBuildFile; fileRef = 5CD0DB3F2FE3930B002D0325 /* manifest.json */; };
/* End PBXBuildFile section */

/* Begin PBXContainerItemProxy section */
		5CD0DB0F2FE3930B002D0325 /* PBXContainerItemProxy */ = {
			isa = PBXContainerItemProxy;
			containerPortal = 5CD0DADC2FE3930A002D0325 /* Project object */;
			proxyType = 1;
			remoteGlobalIDString = 5CD0DB0C2FE3930B002D0325;
			remoteInfo = "OpenEn Extension (iOS)";
		};
		5CD0DB192FE3930B002D0325 /* PBXContainerItemProxy */ = {
			isa = PBXContainerItemProxy;
			containerPortal = 5CD0DADC2FE3930A002D0325 /* Project object */;
			proxyType = 1;
			remoteGlobalIDString = 5CD0DB162FE3930B002D0325;
			remoteInfo = "OpenEn Extension (macOS)";
		};
/* End PBXContainerItemProxy section */

/* Begin PBXCopyFilesBuildPhase section */
		5CD0DB302FE3930B002D0325 /* Embed Foundation Extensions */ = {
			isa = PBXCopyFilesBuildPhase;
			buildActionMask = 2147483647;
			dstPath = "";
			dstSubfolderSpec = 13;
			files = (
				5CD0DB0E2FE3930B002D0325 /* OpenEn Extension.appex in Embed Foundation Extensions */,
			);
			name = "Embed Foundation Extensions";
			runOnlyForDeploymentPostprocessing = 0;
		};
		5CD0DB372FE3930B002D0325 /* Embed Foundation Extensions */ = {
			isa = PBXCopyFilesBuildPhase;
			buildActionMask = 2147483647;
			dstPath = "";
			dstSubfolderSpec = 13;
			files = (
				5CD0DB182FE3930B002D0325 /* OpenEn Extension.appex in Embed Foundation Extensions */,
			);
			name = "Embed Foundation Extensions";
			runOnlyForDeploymentPostprocessing = 0;
		};
/* End PBXCopyFilesBuildPhase section */

/* Begin PBXFileReference section */
		5CD0DAE32FE3930A002D0325 /* Base */ = {isa = PBXFileReference; lastKnownFileType = text.html; name = Base; path = Base.lproj/Main.html; sourceTree = "<group>"; };
		5CD0DAE42FE3930A002D0325 /* Icon.png */ = {isa = PBXFileReference; lastKnownFileType = image.png; path = Icon.png; sourceTree = "<group>"; };
		5CD0DAE52FE3930A002D0325 /* Style.css */ = {isa = PBXFileReference; lastKnownFileType = text.css; path = Style.css; sourceTree = "<group>"; };
		5CD0DAE62FE3930A002D0325 /* Script.js */ = {isa = PBXFileReference; lastKnownFileType = sourcecode.javascript; path = Script.js; sourceTree = "<group>"; };
		5CD0DAE72FE3930A002D0325 /* ViewController.swift */ = {isa = PBXFileReference; lastKnownFileType = sourcecode.swift; path = ViewController.swift; sourceTree = "<group>"; };
		5CD0DAE82FE3930B002D0325 /* Assets.xcassets */ = {isa = PBXFileReference; lastKnownFileType = folder.assetcatalog; path = Assets.xcassets; sourceTree = "<group>"; };
		5CD0DAEA2FE3930B002D0325 /* SafariWebExtensionHandler.swift */ = {isa = PBXFileReference; lastKnownFileType = sourcecode.swift; path = SafariWebExtensionHandler.swift; sourceTree = "<group>"; };
		5CD0DAEF2FE3930B002D0325 /* OpenEn.app */ = {isa = PBXFileReference; explicitFileType = wrapper.application; includeInIndex = 0; path = OpenEn.app; sourceTree = BUILT_PRODUCTS_DIR; };
		5CD0DAF22FE3930B002D0325 /* AppDelegate.swift */ = {isa = PBXFileReference; lastKnownFileType = sourcecode.swift; path = AppDelegate.swift; sourceTree = "<group>"; };
		5CD0DAF42FE3930B002D0325 /* SceneDelegate.swift */ = {isa = PBXFileReference; lastKnownFileType = sourcecode.swift; path = SceneDelegate.swift; sourceTree = "<group>"; };
		5CD0DAF72FE3930B002D0325 /* Base */ = {isa = PBXFileReference; lastKnownFileType = file.storyboard; name = Base; path = Base.lproj/LaunchScreen.storyboard; sourceTree = "<group>"; };
		5CD0DAFA2FE3930B002D0325 /* Base */ = {isa = PBXFileReference; lastKnownFileType = file.storyboard; name = Base; path = Base.lproj/Main.storyboard; sourceTree = "<group>"; };
		5CD0DAFC2FE3930B002D0325 /* Info.plist */ = {isa = PBXFileReference; lastKnownFileType = text.plist.xml; path = Info.plist; sourceTree = "<group>"; };
		5CD0DB012FE3930B002D0325 /* OpenEn.app */ = {isa = PBXFileReference; explicitFileType = wrapper.application; includeInIndex = 0; path = OpenEn.app; sourceTree = BUILT_PRODUCTS_DIR; };
		5CD0DB032FE3930B002D0325 /* AppDelegate.swift */ = {isa = PBXFileReference; lastKnownFileType = sourcecode.swift; path = AppDelegate.swift; sourceTree = "<group>"; };
		5CD0DB062FE3930B002D0325 /* Base */ = {isa = PBXFileReference; lastKnownFileType = file.storyboard; name = Base; path = Base.lproj/Main.storyboard; sourceTree = "<group>"; };
		5CD0DB082FE3930B002D0325 /* Info.plist */ = {isa = PBXFileReference; lastKnownFileType = text.plist.xml; path = Info.plist; sourceTree = "<group>"; };
		5CD0DB0D2FE3930B002D0325 /* OpenEn Extension.appex */ = {isa = PBXFileReference; explicitFileType = "wrapper.app-extension"; includeInIndex = 0; path = "OpenEn Extension.appex"; sourceTree = BUILT_PRODUCTS_DIR; };
		5CD0DB122FE3930B002D0325 /* Info.plist */ = {isa = PBXFileReference; lastKnownFileType = text.plist.xml; path = Info.plist; sourceTree = "<group>"; };
		5CD0DB172FE3930B002D0325 /* OpenEn Extension.appex */ = {isa = PBXFileReference; explicitFileType = "wrapper.app-extension"; includeInIndex = 0; path = "OpenEn Extension.appex"; sourceTree = BUILT_PRODUCTS_DIR; };
		5CD0DB1C2FE3930B002D0325 /* Info.plist */ = {isa = PBXFileReference; lastKnownFileType = text.plist.xml; path = Info.plist; sourceTree = "<group>"; };
		5CD0DB3C2FE3930B002D0325 /* background */ = {isa = PBXFileReference; lastKnownFileType = folder; name = background; path = Resources/background; sourceTree = "<group>"; };
		5CD0DB3D2FE3930B002D0325 /* ui */ = {isa = PBXFileReference; lastKnownFileType = folder; name = ui; path = Resources/ui; sourceTree = "<group>"; };
		5CD0DB3E2FE3930B002D0325 /* content */ = {isa = PBXFileReference; lastKnownFileType = folder; name = content; path = Resources/content; sourceTree = "<group>"; };
		5CD0DB3F2FE3930B002D0325 /* manifest.json */ = {isa = PBXFileReference; lastKnownFileType = text.json; name = manifest.json; path = Resources/manifest.json; sourceTree = "<group>"; };
/* End PBXFileReference section */

/* Begin PBXFrameworksBuildPhase section */
		5CD0DAEC2FE3930B002D0325 /* Frameworks */ = {
			isa = PBXFrameworksBuildPhase;
			buildActionMask = 2147483647;
			files = (
			);
			runOnlyForDeploymentPostprocessing = 0;
		};
		5CD0DAFE2FE3930B002D0325 /* Frameworks */ = {
			isa = PBXFrameworksBuildPhase;
			buildActionMask = 2147483647;
			files = (
			);
			runOnlyForDeploymentPostprocessing = 0;
		};
		5CD0DB0A2FE3930B002D0325 /* Frameworks */ = {
			isa = PBXFrameworksBuildPhase;
			buildActionMask = 2147483647;
			files = (
			);
			runOnlyForDeploymentPostprocessing = 0;
		};
		5CD0DB142FE3930B002D0325 /* Frameworks */ = {
			isa = PBXFrameworksBuildPhase;
			buildActionMask = 2147483647;
			files = (
			);
			runOnlyForDeploymentPostprocessing = 0;
		};
/* End PBXFrameworksBuildPhase section */

/* Begin PBXGroup section */
		5CD0DADB2FE3930A002D0325 = {
			isa = PBXGroup;
			children = (
				5CD0DAE02FE3930A002D0325 /* Shared (App) */,
				5CD0DAE92FE3930B002D0325 /* Shared (Extension) */,
				5CD0DAF12FE3930B002D0325 /* iOS (App) */,
				5CD0DB022FE3930B002D0325 /* macOS (App) */,
				5CD0DB112FE3930B002D0325 /* iOS (Extension) */,
				5CD0DB1B2FE3930B002D0325 /* macOS (Extension) */,
				5CD0DAF02FE3930B002D0325 /* Products */,
			);
			sourceTree = "<group>";
		};
		5CD0DAE02FE3930A002D0325 /* Shared (App) */ = {
			isa = PBXGroup;
			children = (
				5CD0DAE72FE3930A002D0325 /* ViewController.swift */,
				5CD0DAE82FE3930B002D0325 /* Assets.xcassets */,
				5CD0DAE12FE3930A002D0325 /* Resources */,
			);
			path = "Shared (App)";
			sourceTree = "<group>";
		};
		5CD0DAE12FE3930A002D0325 /* Resources */ = {
			isa = PBXGroup;
			children = (
				5CD0DAE22FE3930A002D0325 /* Main.html */,
				5CD0DAE42FE3930A002D0325 /* Icon.png */,
				5CD0DAE52FE3930A002D0325 /* Style.css */,
				5CD0DAE62FE3930A002D0325 /* Script.js */,
			);
			path = Resources;
			sourceTree = "<group>";
		};
		5CD0DAE92FE3930B002D0325 /* Shared (Extension) */ = {
			isa = PBXGroup;
			children = (
				5CD0DB3B2FE3930B002D0325 /* Resources */,
				5CD0DAEA2FE3930B002D0325 /* SafariWebExtensionHandler.swift */,
			);
			path = "Shared (Extension)";
			sourceTree = "<group>";
		};
		5CD0DAF02FE3930B002D0325 /* Products */ = {
			isa = PBXGroup;
			children = (
				5CD0DAEF2FE3930B002D0325 /* OpenEn.app */,
				5CD0DB012FE3930B002D0325 /* OpenEn.app */,
				5CD0DB0D2FE3930B002D0325 /* OpenEn Extension.appex */,
				5CD0DB172FE3930B002D0325 /* OpenEn Extension.appex */,
			);
			name = Products;
			sourceTree = "<group>";
		};
		5CD0DAF12FE3930B002D0325 /* iOS (App) */ = {
			isa = PBXGroup;
			children = (
				5CD0DAF22FE3930B002D0325 /* AppDelegate.swift */,
				5CD0DAF42FE3930B002D0325 /* SceneDelegate.swift */,
				5CD0DAF62FE3930B002D0325 /* LaunchScreen.storyboard */,
				5CD0DAF92FE3930B002D0325 /* Main.storyboard */,
				5CD0DAFC2FE3930B002D0325 /* Info.plist */,
			);
			path = "iOS (App)";
			sourceTree = "<group>";
		};
		5CD0DB022FE3930B002D0325 /* macOS (App) */ = {
			isa = PBXGroup;
			children = (
				5CD0DB032FE3930B002D0325 /* AppDelegate.swift */,
				5CD0DB052FE3930B002D0325 /* Main.storyboard */,
				5CD0DB082FE3930B002D0325 /* Info.plist */,
			);
			path = "macOS (App)";
			sourceTree = "<group>";
		};
		5CD0DB112FE3930B002D0325 /* iOS (Extension) */ = {
			isa = PBXGroup;
			children = (
				5CD0DB122FE3930B002D0325 /* Info.plist */,
			);
			path = "iOS (Extension)";
			sourceTree = "<group>";
		};
		5CD0DB1B2FE3930B002D0325 /* macOS (Extension) */ = {
			isa = PBXGroup;
			children = (
				5CD0DB1C2FE3930B002D0325 /* Info.plist */,
			);
			path = "macOS (Extension)";
			sourceTree = "<group>";
		};
		5CD0DB3B2FE3930B002D0325 /* Resources */ = {
			isa = PBXGroup;
			children = (
				5CD0DB3C2FE3930B002D0325 /* background */,
				5CD0DB3D2FE3930B002D0325 /* ui */,
				5CD0DB3E2FE3930B002D0325 /* content */,
				5CD0DB3F2FE3930B002D0325 /* manifest.json */,
			);
			name = Resources;
			path = "Shared (Extension)";
			sourceTree = SOURCE_ROOT;
		};
/* End PBXGroup section */

/* Begin PBXNativeTarget section */
		5CD0DAEE2FE3930B002D0325 /* OpenEn (iOS) */ = {
			isa = PBXNativeTarget;
			buildConfigurationList = 5CD0DB312FE3930B002D0325 /* Build configuration list for PBXNativeTarget "OpenEn (iOS)" */;
			buildPhases = (
				5CD0DAEB2FE3930B002D0325 /* Sources */,
				5CD0DAEC2FE3930B002D0325 /* Frameworks */,
				5CD0DAED2FE3930B002D0325 /* Resources */,
				5CD0DB302FE3930B002D0325 /* Embed Foundation Extensions */,
			);
			buildRules = (
			);
			dependencies = (
				5CD0DB102FE3930B002D0325 /* PBXTargetDependency */,
			);
			name = "OpenEn (iOS)";
			packageProductDependencies = (
			);
			productName = "OpenEn (iOS)";
			productReference = 5CD0DAEF2FE3930B002D0325 /* OpenEn.app */;
			productType = "com.apple.product-type.application";
		};
		5CD0DB002FE3930B002D0325 /* OpenEn (macOS) */ = {
			isa = PBXNativeTarget;
			buildConfigurationList = 5CD0DB382FE3930B002D0325 /* Build configuration list for PBXNativeTarget "OpenEn (macOS)" */;
			buildPhases = (
				5CD0DAFD2FE3930B002D0325 /* Sources */,
				5CD0DAFE2FE3930B002D0325 /* Frameworks */,
				5CD0DAFF2FE3930B002D0325 /* Resources */,
				5CD0DB372FE3930B002D0325 /* Embed Foundation Extensions */,
			);
			buildRules = (
			);
			dependencies = (
				5CD0DB1A2FE3930B002D0325 /* PBXTargetDependency */,
			);
			name = "OpenEn (macOS)";
			packageProductDependencies = (
			);
			productName = "OpenEn (macOS)";
			productReference = 5CD0DB012FE3930B002D0325 /* OpenEn.app */;
			productType = "com.apple.product-type.application";
		};
		5CD0DB0C2FE3930B002D0325 /* OpenEn Extension (iOS) */ = {
			isa = PBXNativeTarget;
			buildConfigurationList = 5CD0DB2D2FE3930B002D0325 /* Build configuration list for PBXNativeTarget "OpenEn Extension (iOS)" */;
			buildPhases = (
				5CD0DB092FE3930B002D0325 /* Sources */,
				5CD0DB0A2FE3930B002D0325 /* Frameworks */,
				5CD0DB0B2FE3930B002D0325 /* Resources */,
			);
			buildRules = (
			);
			dependencies = (
			);
			name = "OpenEn Extension (iOS)";
			packageProductDependencies = (
			);
			productName = "OpenEn Extension (iOS)";
			productReference = 5CD0DB0D2FE3930B002D0325 /* OpenEn Extension.appex */;
			productType = "com.apple.product-type.app-extension";
		};
		5CD0DB162FE3930B002D0325 /* OpenEn Extension (macOS) */ = {
			isa = PBXNativeTarget;
			buildConfigurationList = 5CD0DB342FE3930B002D0325 /* Build configuration list for PBXNativeTarget "OpenEn Extension (macOS)" */;
			buildPhases = (
				5CD0DB132FE3930B002D0325 /* Sources */,
				5CD0DB142FE3930B002D0325 /* Frameworks */,
				5CD0DB152FE3930B002D0325 /* Resources */,
			);
			buildRules = (
			);
			dependencies = (
			);
			name = "OpenEn Extension (macOS)";
			packageProductDependencies = (
			);
			productName = "OpenEn Extension (macOS)";
			productReference = 5CD0DB172FE3930B002D0325 /* OpenEn Extension.appex */;
			productType = "com.apple.product-type.app-extension";
		};
/* End PBXNativeTarget section */

/* Begin PBXProject section */
		5CD0DADC2FE3930A002D0325 /* Project object */ = {
			isa = PBXProject;
			attributes = {
				BuildIndependentTargetsInParallel = 1;
				LastSwiftUpdateCheck = 2650;
				LastUpgradeCheck = 2650;
				TargetAttributes = {
					5CD0DAEE2FE3930B002D0325 = {
						CreatedOnToolsVersion = 26.5;
					};
					5CD0DB002FE3930B002D0325 = {
						CreatedOnToolsVersion = 26.5;
					};
					5CD0DB0C2FE3930B002D0325 = {
						CreatedOnToolsVersion = 26.5;
					};
					5CD0DB162FE3930B002D0325 = {
						CreatedOnToolsVersion = 26.5;
					};
				};
			};
			buildConfigurationList = 5CD0DADF2FE3930A002D0325 /* Build configuration list for PBXProject "OpenEn" */;
			developmentRegion = en;
			hasScannedForEncodings = 0;
			knownRegions = (
				en,
				Base,
			);
			mainGroup = 5CD0DADB2FE3930A002D0325;
			minimizedProjectReferenceProxies = 1;
			preferredProjectObjectVersion = 77;
			productRefGroup = 5CD0DAF02FE3930B002D0325 /* Products */;
			projectDirPath = "";
			projectRoot = "";
			targets = (
				5CD0DAEE2FE3930B002D0325 /* OpenEn (iOS) */,
				5CD0DB002FE3930B002D0325 /* OpenEn (macOS) */,
				5CD0DB0C2FE3930B002D0325 /* OpenEn Extension (iOS) */,
				5CD0DB162FE3930B002D0325 /* OpenEn Extension (macOS) */,
			);
		};
/* End PBXProject section */

/* Begin PBXResourcesBuildPhase section */
		5CD0DAED2FE3930B002D0325 /* Resources */ = {
			isa = PBXResourcesBuildPhase;
			buildActionMask = 2147483647;
			files = (
				5CD0DB1F2FE3930B002D0325 /* Icon.png in Resources */,
				5CD0DAF82FE3930B002D0325 /* LaunchScreen.storyboard in Resources */,
				5CD0DB1D2FE3930B002D0325 /* Main.html in Resources */,
				5CD0DB232FE3930B002D0325 /* Script.js in Resources */,
				5CD0DB272FE3930B002D0325 /* Assets.xcassets in Resources */,
				5CD0DAFB2FE3930B002D0325 /* Main.storyboard in Resources */,
				5CD0DB212FE3930B002D0325 /* Style.css in Resources */,
			);
			runOnlyForDeploymentPostprocessing = 0;
		};
		5CD0DAFF2FE3930B002D0325 /* Resources */ = {
			isa = PBXResourcesBuildPhase;
			buildActionMask = 2147483647;
			files = (
				5CD0DB202FE3930B002D0325 /* Icon.png in Resources */,
				5CD0DB222FE3930B002D0325 /* Style.css in Resources */,
				5CD0DB072FE3930B002D0325 /* Main.storyboard in Resources */,
				5CD0DB242FE3930B002D0325 /* Script.js in Resources */,
				5CD0DB282FE3930B002D0325 /* Assets.xcassets in Resources */,
				5CD0DB1E2FE3930B002D0325 /* Main.html in Resources */,
			);
			runOnlyForDeploymentPostprocessing = 0;
		};
		5CD0DB0B2FE3930B002D0325 /* Resources */ = {
			isa = PBXResourcesBuildPhase;
			buildActionMask = 2147483647;
			files = (
				5CD0DB472FE3930B002D0325 /* manifest.json in Resources */,
				5CD0DB462FE3930B002D0325 /* content in Resources */,
				5CD0DB452FE3930B002D0325 /* ui in Resources */,
				5CD0DB442FE3930B002D0325 /* background in Resources */,
			);
			runOnlyForDeploymentPostprocessing = 0;
		};
		5CD0DB152FE3930B002D0325 /* Resources */ = {
			isa = PBXResourcesBuildPhase;
			buildActionMask = 2147483647;
			files = (
				5CD0DB432FE3930B002D0325 /* manifest.json in Resources */,
				5CD0DB422FE3930B002D0325 /* content in Resources */,
				5CD0DB412FE3930B002D0325 /* ui in Resources */,
				5CD0DB402FE3930B002D0325 /* background in Resources */,
			);
			runOnlyForDeploymentPostprocessing = 0;
		};
/* End PBXResourcesBuildPhase section */

/* Begin PBXSourcesBuildPhase section */
		5CD0DAEB2FE3930B002D0325 /* Sources */ = {
			isa = PBXSourcesBuildPhase;
			buildActionMask = 2147483647;
			files = (
				5CD0DB252FE3930B002D0325 /* ViewController.swift in Sources */,
				5CD0DAF32FE3930B002D0325 /* AppDelegate.swift in Sources */,
				5CD0DAF52FE3930B002D0325 /* SceneDelegate.swift in Sources */,
			);
			runOnlyForDeploymentPostprocessing = 0;
		};
		5CD0DAFD2FE3930B002D0325 /* Sources */ = {
			isa = PBXSourcesBuildPhase;
			buildActionMask = 2147483647;
			files = (
				5CD0DB262FE3930B002D0325 /* ViewController.swift in Sources */,
				5CD0DB042FE3930B002D0325 /* AppDelegate.swift in Sources */,
			);
			runOnlyForDeploymentPostprocessing = 0;
		};
		5CD0DB092FE3930B002D0325 /* Sources */ = {
			isa = PBXSourcesBuildPhase;
			buildActionMask = 2147483647;
			files = (
				5CD0DB292FE3930B002D0325 /* SafariWebExtensionHandler.swift in Sources */,
			);
			runOnlyForDeploymentPostprocessing = 0;
		};
		5CD0DB132FE3930B002D0325 /* Sources */ = {
			isa = PBXSourcesBuildPhase;
			buildActionMask = 2147483647;
			files = (
				5CD0DB2A2FE3930B002D0325 /* SafariWebExtensionHandler.swift in Sources */,
			);
			runOnlyForDeploymentPostprocessing = 0;
		};
/* End PBXSourcesBuildPhase section */

/* Begin PBXTargetDependency section */
		5CD0DB102FE3930B002D0325 /* PBXTargetDependency */ = {
			isa = PBXTargetDependency;
			target = 5CD0DB0C2FE3930B002D0325 /* OpenEn Extension (iOS) */;
			targetProxy = 5CD0DB0F2FE3930B002D0325 /* PBXContainerItemProxy */;
		};
		5CD0DB1A2FE3930B002D0325 /* PBXTargetDependency */ = {
			isa = PBXTargetDependency;
			target = 5CD0DB162FE3930B002D0325 /* OpenEn Extension (macOS) */;
			targetProxy = 5CD0DB192FE3930B002D0325 /* PBXContainerItemProxy */;
		};
/* End PBXTargetDependency section */

/* Begin PBXVariantGroup section */
		5CD0DAE22FE3930A002D0325 /* Main.html */ = {
			isa = PBXVariantGroup;
			children = (
				5CD0DAE32FE3930A002D0325 /* Base */,
			);
			name = Main.html;
			sourceTree = "<group>";
		};
		5CD0DAF62FE3930B002D0325 /* LaunchScreen.storyboard */ = {
			isa = PBXVariantGroup;
			children = (
				5CD0DAF72FE3930B002D0325 /* Base */,
			);
			name = LaunchScreen.storyboard;
			sourceTree = "<group>";
		};
		5CD0DAF92FE3930B002D0325 /* Main.storyboard */ = {
			isa = PBXVariantGroup;
			children = (
				5CD0DAFA2FE3930B002D0325 /* Base */,
			);
			name = Main.storyboard;
			sourceTree = "<group>";
		};
		5CD0DB052FE3930B002D0325 /* Main.storyboard */ = {
			isa = PBXVariantGroup;
			children = (
				5CD0DB062FE3930B002D0325 /* Base */,
			);
			name = Main.storyboard;
			sourceTree = "<group>";
		};
/* End PBXVariantGroup section */

/* Begin XCBuildConfiguration section */
		5CD0DB2B2FE3930B002D0325 /* Debug */ = {
			isa = XCBuildConfiguration;
			buildSettings = {
				ALWAYS_SEARCH_USER_PATHS = NO;
				ASSETCATALOG_COMPILER_GENERATE_SWIFT_ASSET_SYMBOL_EXTENSIONS = YES;
				CLANG_ANALYZER_NONNULL = YES;
				CLANG_ANALYZER_NUMBER_OBJECT_CONVERSION = YES_AGGRESSIVE;
				CLANG_CXX_LANGUAGE_STANDARD = "gnu++20";
				CLANG_ENABLE_MODULES = YES;
				CLANG_ENABLE_OBJC_ARC = YES;
				CLANG_ENABLE_OBJC_WEAK = YES;
				CLANG_WARN_BLOCK_CAPTURE_AUTORELEASING = YES;
				CLANG_WARN_BOOL_CONVERSION = YES;
				CLANG_WARN_COMMA = YES;
				CLANG_WARN_CONSTANT_CONVERSION = YES;
				CLANG_WARN_DEPRECATED_OBJC_IMPLEMENTATIONS = YES;
				CLANG_WARN_DIRECT_OBJC_ISA_USAGE = YES_ERROR;
				CLANG_WARN_DOCUMENTATION_COMMENTS = YES;
				CLANG_WARN_EMPTY_BODY = YES;
				CLANG_WARN_ENUM_CONVERSION = YES;
				CLANG_WARN_INFINITE_RECURSION = YES;
				CLANG_WARN_INT_CONVERSION = YES;
				CLANG_WARN_NON_LITERAL_NULL_CONVERSION = YES;
				CLANG_WARN_OBJC_IMPLICIT_RETAIN_SELF = YES;
				CLANG_WARN_OBJC_LITERAL_CONVERSION = YES;
				CLANG_WARN_OBJC_ROOT_CLASS = YES_ERROR;
				CLANG_WARN_QUOTED_INCLUDE_IN_FRAMEWORK_HEADER = YES;
				CLANG_WARN_RANGE_LOOP_ANALYSIS = YES;
				CLANG_WARN_STRICT_PROTOTYPES = YES;
				CLANG_WARN_SUSPICIOUS_MOVE = YES;
				CLANG_WARN_UNGUARDED_AVAILABILITY = YES_AGGRESSIVE;
				CLANG_WARN_UNREACHABLE_CODE = YES;
				CLANG_WARN__DUPLICATE_METHOD_MATCH = YES;
				COPY_PHASE_STRIP = NO;
				DEBUG_INFORMATION_FORMAT = dwarf;
				ENABLE_STRICT_OBJC_MSGSEND = YES;
				ENABLE_TESTABILITY = YES;
				ENABLE_USER_SCRIPT_SANDBOXING = YES;
				GCC_C_LANGUAGE_STANDARD = gnu17;
				GCC_DYNAMIC_NO_PIC = NO;
				GCC_NO_COMMON_BLOCKS = YES;
				GCC_OPTIMIZATION_LEVEL = 0;
				GCC_PREPROCESSOR_DEFINITIONS = (
					"DEBUG=1",
					"$(inherited)",
				);
				GCC_WARN_64_TO_32_BIT_CONVERSION = YES;
				GCC_WARN_ABOUT_RETURN_TYPE = YES_ERROR;
				GCC_WARN_UNDECLARED_SELECTOR = YES;
				GCC_WARN_UNINITIALIZED_AUTOS = YES_AGGRESSIVE;
				GCC_WARN_UNUSED_FUNCTION = YES;
				GCC_WARN_UNUSED_VARIABLE = YES;
				LOCALIZATION_PREFERS_STRING_CATALOGS = YES;
				MTL_ENABLE_DEBUG_INFO = INCLUDE_SOURCE;
				MTL_FAST_MATH = YES;
				ONLY_ACTIVE_ARCH = YES;
				SWIFT_ACTIVE_COMPILATION_CONDITIONS = "DEBUG $(inherited)";
				SWIFT_OPTIMIZATION_LEVEL = "-Onone";
			};
			name = Debug;
		};
		5CD0DB2C2FE3930B002D0325 /* Release */ = {
			isa = XCBuildConfiguration;
			buildSettings = {
				ALWAYS_SEARCH_USER_PATHS = NO;
				ASSETCATALOG_COMPILER_GENERATE_SWIFT_ASSET_SYMBOL_EXTENSIONS = YES;
				CLANG_ANALYZER_NONNULL = YES;
				CLANG_ANALYZER_NUMBER_OBJECT_CONVERSION = YES_AGGRESSIVE;
				CLANG_CXX_LANGUAGE_STANDARD = "gnu++20";
				CLANG_ENABLE_MODULES = YES;
				CLANG_ENABLE_OBJC_ARC = YES;
				CLANG_ENABLE_OBJC_WEAK = YES;
				CLANG_WARN_BLOCK_CAPTURE_AUTORELEASING = YES;
				CLANG_WARN_BOOL_CONVERSION = YES;
				CLANG_WARN_COMMA = YES;
				CLANG_WARN_CONSTANT_CONVERSION = YES;
				CLANG_WARN_DEPRECATED_OBJC_IMPLEMENTATIONS = YES;
				CLANG_WARN_DIRECT_OBJC_ISA_USAGE = YES_ERROR;
				CLANG_WARN_DOCUMENTATION_COMMENTS = YES;
				CLANG_WARN_EMPTY_BODY = YES;
				CLANG_WARN_ENUM_CONVERSION = YES;
				CLANG_WARN_INFINITE_RECURSION = YES;
				CLANG_WARN_INT_CONVERSION = YES;
				CLANG_WARN_NON_LITERAL_NULL_CONVERSION = YES;
				CLANG_WARN_OBJC_IMPLICIT_RETAIN_SELF = YES;
				CLANG_WARN_OBJC_LITERAL_CONVERSION = YES;
				CLANG_WARN_OBJC_ROOT_CLASS = YES_ERROR;
				CLANG_WARN_QUOTED_INCLUDE_IN_FRAMEWORK_HEADER = YES;
				CLANG_WARN_RANGE_LOOP_ANALYSIS = YES;
				CLANG_WARN_STRICT_PROTOTYPES = YES;
				CLANG_WARN_SUSPICIOUS_MOVE = YES;
				CLANG_WARN_UNGUARDED_AVAILABILITY = YES_AGGRESSIVE;
				CLANG_WARN_UNREACHABLE_CODE = YES;
				CLANG_WARN__DUPLICATE_METHOD_MATCH = YES;
				COPY_PHASE_STRIP = NO;
				DEBUG_INFORMATION_FORMAT = "dwarf-with-dsym";
				ENABLE_NS_ASSERTIONS = NO;
				ENABLE_STRICT_OBJC_MSGSEND = YES;
				ENABLE_USER_SCRIPT_SANDBOXING = YES;
				GCC_C_LANGUAGE_STANDARD = gnu17;
				GCC_NO_COMMON_BLOCKS = YES;
				GCC_WARN_64_TO_32_BIT_CONVERSION = YES;
				GCC_WARN_ABOUT_RETURN_TYPE = YES_ERROR;
				GCC_WARN_UNDECLARED_SELECTOR = YES;
				GCC_WARN_UNINITIALIZED_AUTOS = YES_AGGRESSIVE;
				GCC_WARN_UNUSED_FUNCTION = YES;
				GCC_WARN_UNUSED_VARIABLE = YES;
				LOCALIZATION_PREFERS_STRING_CATALOGS = YES;
				MTL_ENABLE_DEBUG_INFO = NO;
				MTL_FAST_MATH = YES;
				SWIFT_COMPILATION_MODE = wholemodule;
			};
			name = Release;
		};
		5CD0DB2E2FE3930B002D0325 /* Debug */ = {
			isa = XCBuildConfiguration;
			buildSettings = {
				CODE_SIGN_STYLE = Automatic;
				CURRENT_PROJECT_VERSION = 1;
				GENERATE_INFOPLIST_FILE = YES;
				INFOPLIST_FILE = "iOS (Extension)/Info.plist";
				INFOPLIST_KEY_CFBundleDisplayName = "OpenEn Extension";
				INFOPLIST_KEY_NSHumanReadableCopyright = "";
				IPHONEOS_DEPLOYMENT_TARGET = 15.0;
				LD_RUNPATH_SEARCH_PATHS = (
					"$(inherited)",
					"@executable_path/Frameworks",
					"@executable_path/../../Frameworks",
				);
				MARKETING_VERSION = 1.0;
				OTHER_LDFLAGS = (
					"-framework",
					SafariServices,
				);
				PRODUCT_BUNDLE_IDENTIFIER = com.dongyu.openen.Extension;
				PRODUCT_NAME = "OpenEn Extension";
				SDKROOT = iphoneos;
				SKIP_INSTALL = YES;
				STRING_CATALOG_GENERATE_SYMBOLS = YES;
				SWIFT_APPROACHABLE_CONCURRENCY = YES;
				SWIFT_EMIT_LOC_STRINGS = YES;
				SWIFT_UPCOMING_FEATURE_MEMBER_IMPORT_VISIBILITY = YES;
				SWIFT_VERSION = 5.0;
				TARGETED_DEVICE_FAMILY = "1,2";
			};
			name = Debug;
		};
		5CD0DB2F2FE3930B002D0325 /* Release */ = {
			isa = XCBuildConfiguration;
			buildSettings = {
				CODE_SIGN_STYLE = Automatic;
				CURRENT_PROJECT_VERSION = 1;
				GENERATE_INFOPLIST_FILE = YES;
				INFOPLIST_FILE = "iOS (Extension)/Info.plist";
				INFOPLIST_KEY_CFBundleDisplayName = "OpenEn Extension";
				INFOPLIST_KEY_NSHumanReadableCopyright = "";
				IPHONEOS_DEPLOYMENT_TARGET = 15.0;
				LD_RUNPATH_SEARCH_PATHS = (
					"$(inherited)",
					"@executable_path/Frameworks",
					"@executable_path/../../Frameworks",
				);
				MARKETING_VERSION = 1.0;
				OTHER_LDFLAGS = (
					"-framework",
					SafariServices,
				);
				PRODUCT_BUNDLE_IDENTIFIER = com.dongyu.openen.Extension;
				PRODUCT_NAME = "OpenEn Extension";
				SDKROOT = iphoneos;
				SKIP_INSTALL = YES;
				STRING_CATALOG_GENERATE_SYMBOLS = YES;
				SWIFT_APPROACHABLE_CONCURRENCY = YES;
				SWIFT_EMIT_LOC_STRINGS = YES;
				SWIFT_UPCOMING_FEATURE_MEMBER_IMPORT_VISIBILITY = YES;
				SWIFT_VERSION = 5.0;
				TARGETED_DEVICE_FAMILY = "1,2";
				VALIDATE_PRODUCT = YES;
			};
			name = Release;
		};
		5CD0DB322FE3930B002D0325 /* Debug */ = {
			isa = XCBuildConfiguration;
			buildSettings = {
				ASSETCATALOG_COMPILER_APPICON_NAME = AppIcon;
				ASSETCATALOG_COMPILER_GLOBAL_ACCENT_COLOR_NAME = AccentColor;
				CODE_SIGN_STYLE = Automatic;
				CURRENT_PROJECT_VERSION = 1;
				GENERATE_INFOPLIST_FILE = YES;
				INFOPLIST_FILE = "iOS (App)/Info.plist";
				INFOPLIST_KEY_CFBundleDisplayName = OpenEn;
				INFOPLIST_KEY_UIApplicationSupportsIndirectInputEvents = YES;
				INFOPLIST_KEY_UILaunchStoryboardName = LaunchScreen;
				INFOPLIST_KEY_UIMainStoryboardFile = Main;
				INFOPLIST_KEY_UISupportedInterfaceOrientations = "UIInterfaceOrientationPortrait UIInterfaceOrientationLandscapeLeft UIInterfaceOrientationLandscapeRight";
				INFOPLIST_KEY_UISupportedInterfaceOrientations_iPad = "UIInterfaceOrientationPortrait UIInterfaceOrientationPortraitUpsideDown UIInterfaceOrientationLandscapeLeft UIInterfaceOrientationLandscapeRight";
				IPHONEOS_DEPLOYMENT_TARGET = 15.0;
				LD_RUNPATH_SEARCH_PATHS = (
					"$(inherited)",
					"@executable_path/Frameworks",
				);
				MARKETING_VERSION = 1.0;
				OTHER_LDFLAGS = (
					"-framework",
					SafariServices,
					"-framework",
					WebKit,
				);
				PRODUCT_BUNDLE_IDENTIFIER = com.dongyu.openen;
				PRODUCT_NAME = OpenEn;
				SDKROOT = iphoneos;
				STRING_CATALOG_GENERATE_SYMBOLS = YES;
				SWIFT_APPROACHABLE_CONCURRENCY = YES;
				SWIFT_DEFAULT_ACTOR_ISOLATION = MainActor;
				SWIFT_EMIT_LOC_STRINGS = YES;
				SWIFT_UPCOMING_FEATURE_MEMBER_IMPORT_VISIBILITY = YES;
				SWIFT_VERSION = 5.0;
				TARGETED_DEVICE_FAMILY = "1,2";
			};
			name = Debug;
		};
		5CD0DB332FE3930B002D0325 /* Release */ = {
			isa = XCBuildConfiguration;
			buildSettings = {
				ASSETCATALOG_COMPILER_APPICON_NAME = AppIcon;
				ASSETCATALOG_COMPILER_GLOBAL_ACCENT_COLOR_NAME = AccentColor;
				CODE_SIGN_STYLE = Automatic;
				CURRENT_PROJECT_VERSION = 1;
				GENERATE_INFOPLIST_FILE = YES;
				INFOPLIST_FILE = "iOS (App)/Info.plist";
				INFOPLIST_KEY_CFBundleDisplayName = OpenEn;
				INFOPLIST_KEY_UIApplicationSupportsIndirectInputEvents = YES;
				INFOPLIST_KEY_UILaunchStoryboardName = LaunchScreen;
				INFOPLIST_KEY_UIMainStoryboardFile = Main;
				INFOPLIST_KEY_UISupportedInterfaceOrientations = "UIInterfaceOrientationPortrait UIInterfaceOrientationLandscapeLeft UIInterfaceOrientationLandscapeRight";
				INFOPLIST_KEY_UISupportedInterfaceOrientations_iPad = "UIInterfaceOrientationPortrait UIInterfaceOrientationPortraitUpsideDown UIInterfaceOrientationLandscapeLeft UIInterfaceOrientationLandscapeRight";
				IPHONEOS_DEPLOYMENT_TARGET = 15.0;
				LD_RUNPATH_SEARCH_PATHS = (
					"$(inherited)",
					"@executable_path/Frameworks",
				);
				MARKETING_VERSION = 1.0;
				OTHER_LDFLAGS = (
					"-framework",
					SafariServices,
					"-framework",
					WebKit,
				);
				PRODUCT_BUNDLE_IDENTIFIER = com.dongyu.openen;
				PRODUCT_NAME = OpenEn;
				SDKROOT = iphoneos;
				STRING_CATALOG_GENERATE_SYMBOLS = YES;
				SWIFT_APPROACHABLE_CONCURRENCY = YES;
				SWIFT_DEFAULT_ACTOR_ISOLATION = MainActor;
				SWIFT_EMIT_LOC_STRINGS = YES;
				SWIFT_UPCOMING_FEATURE_MEMBER_IMPORT_VISIBILITY = YES;
				SWIFT_VERSION = 5.0;
				TARGETED_DEVICE_FAMILY = "1,2";
				VALIDATE_PRODUCT = YES;
			};
			name = Release;
		};
		5CD0DB352FE3930B002D0325 /* Debug */ = {
			isa = XCBuildConfiguration;
			buildSettings = {
				CODE_SIGN_STYLE = Automatic;
				CURRENT_PROJECT_VERSION = 1;
				ENABLE_APP_SANDBOX = YES;
				ENABLE_HARDENED_RUNTIME = YES;
				ENABLE_USER_SELECTED_FILES = readonly;
				GENERATE_INFOPLIST_FILE = YES;
				INFOPLIST_FILE = "macOS (Extension)/Info.plist";
				INFOPLIST_KEY_CFBundleDisplayName = "OpenEn Extension";
				INFOPLIST_KEY_NSHumanReadableCopyright = "";
				LD_RUNPATH_SEARCH_PATHS = (
					"$(inherited)",
					"@executable_path/../Frameworks",
					"@executable_path/../../../../Frameworks",
				);
				MACOSX_DEPLOYMENT_TARGET = 10.14;
				MARKETING_VERSION = 1.0;
				OTHER_LDFLAGS = (
					"-framework",
					SafariServices,
				);
				PRODUCT_BUNDLE_IDENTIFIER = com.dongyu.openen.Extension;
				PRODUCT_NAME = "OpenEn Extension";
				SDKROOT = macosx;
				SKIP_INSTALL = YES;
				STRING_CATALOG_GENERATE_SYMBOLS = YES;
				SWIFT_APPROACHABLE_CONCURRENCY = YES;
				SWIFT_EMIT_LOC_STRINGS = YES;
				SWIFT_UPCOMING_FEATURE_MEMBER_IMPORT_VISIBILITY = YES;
				SWIFT_VERSION = 5.0;
			};
			name = Debug;
		};
		5CD0DB362FE3930B002D0325 /* Release */ = {
			isa = XCBuildConfiguration;
			buildSettings = {
				CODE_SIGN_STYLE = Automatic;
				CURRENT_PROJECT_VERSION = 1;
				ENABLE_APP_SANDBOX = YES;
				ENABLE_HARDENED_RUNTIME = YES;
				ENABLE_USER_SELECTED_FILES = readonly;
				GENERATE_INFOPLIST_FILE = YES;
				INFOPLIST_FILE = "macOS (Extension)/Info.plist";
				INFOPLIST_KEY_CFBundleDisplayName = "OpenEn Extension";
				INFOPLIST_KEY_NSHumanReadableCopyright = "";
				LD_RUNPATH_SEARCH_PATHS = (
					"$(inherited)",
					"@executable_path/../Frameworks",
					"@executable_path/../../../../Frameworks",
				);
				MACOSX_DEPLOYMENT_TARGET = 10.14;
				MARKETING_VERSION = 1.0;
				OTHER_LDFLAGS = (
					"-framework",
					SafariServices,
				);
				PRODUCT_BUNDLE_IDENTIFIER = com.dongyu.openen.Extension;
				PRODUCT_NAME = "OpenEn Extension";
				SDKROOT = macosx;
				SKIP_INSTALL = YES;
				STRING_CATALOG_GENERATE_SYMBOLS = YES;
				SWIFT_APPROACHABLE_CONCURRENCY = YES;
				SWIFT_EMIT_LOC_STRINGS = YES;
				SWIFT_UPCOMING_FEATURE_MEMBER_IMPORT_VISIBILITY = YES;
				SWIFT_VERSION = 5.0;
			};
			name = Release;
		};
		5CD0DB392FE3930B002D0325 /* Debug */ = {
			isa = XCBuildConfiguration;
			buildSettings = {
				ASSETCATALOG_COMPILER_APPICON_NAME = AppIcon;
				ASSETCATALOG_COMPILER_GLOBAL_ACCENT_COLOR_NAME = AccentColor;
				CODE_SIGN_STYLE = Automatic;
				CURRENT_PROJECT_VERSION = 1;
				ENABLE_APP_SANDBOX = YES;
				ENABLE_HARDENED_RUNTIME = YES;
				ENABLE_OUTGOING_NETWORK_CONNECTIONS = YES;
				ENABLE_USER_SELECTED_FILES = readonly;
				GENERATE_INFOPLIST_FILE = YES;
				INFOPLIST_FILE = "macOS (App)/Info.plist";
				INFOPLIST_KEY_CFBundleDisplayName = OpenEn;
				INFOPLIST_KEY_NSMainStoryboardFile = Main;
				INFOPLIST_KEY_NSPrincipalClass = NSApplication;
				LD_RUNPATH_SEARCH_PATHS = (
					"$(inherited)",
					"@executable_path/../Frameworks",
				);
				MACOSX_DEPLOYMENT_TARGET = 10.14;
				MARKETING_VERSION = 1.0;
				OTHER_LDFLAGS = (
					"-framework",
					SafariServices,
					"-framework",
					WebKit,
				);
				PRODUCT_BUNDLE_IDENTIFIER = com.dongyu.openen;
				PRODUCT_NAME = OpenEn;
				REGISTER_APP_GROUPS = YES;
				SDKROOT = macosx;
				STRING_CATALOG_GENERATE_SYMBOLS = YES;
				SWIFT_APPROACHABLE_CONCURRENCY = YES;
				SWIFT_DEFAULT_ACTOR_ISOLATION = MainActor;
				SWIFT_EMIT_LOC_STRINGS = YES;
				SWIFT_UPCOMING_FEATURE_MEMBER_IMPORT_VISIBILITY = YES;
				SWIFT_VERSION = 5.0;
			};
			name = Debug;
		};
		5CD0DB3A2FE3930B002D0325 /* Release */ = {
			isa = XCBuildConfiguration;
			buildSettings = {
				ASSETCATALOG_COMPILER_APPICON_NAME = AppIcon;
				ASSETCATALOG_COMPILER_GLOBAL_ACCENT_COLOR_NAME = AccentColor;
				CODE_SIGN_STYLE = Automatic;
				CURRENT_PROJECT_VERSION = 1;
				ENABLE_APP_SANDBOX = YES;
				ENABLE_HARDENED_RUNTIME = YES;
				ENABLE_OUTGOING_NETWORK_CONNECTIONS = YES;
				ENABLE_USER_SELECTED_FILES = readonly;
				GENERATE_INFOPLIST_FILE = YES;
				INFOPLIST_FILE = "macOS (App)/Info.plist";
				INFOPLIST_KEY_CFBundleDisplayName = OpenEn;
				INFOPLIST_KEY_NSMainStoryboardFile = Main;
				INFOPLIST_KEY_NSPrincipalClass = NSApplication;
				LD_RUNPATH_SEARCH_PATHS = (
					"$(inherited)",
					"@executable_path/../Frameworks",
				);
				MACOSX_DEPLOYMENT_TARGET = 10.14;
				MARKETING_VERSION = 1.0;
				OTHER_LDFLAGS = (
					"-framework",
					SafariServices,
					"-framework",
					WebKit,
				);
				PRODUCT_BUNDLE_IDENTIFIER = com.dongyu.openen;
				PRODUCT_NAME = OpenEn;
				REGISTER_APP_GROUPS = YES;
				SDKROOT = macosx;
				STRING_CATALOG_GENERATE_SYMBOLS = YES;
				SWIFT_APPROACHABLE_CONCURRENCY = YES;
				SWIFT_DEFAULT_ACTOR_ISOLATION = MainActor;
				SWIFT_EMIT_LOC_STRINGS = YES;
				SWIFT_UPCOMING_FEATURE_MEMBER_IMPORT_VISIBILITY = YES;
				SWIFT_VERSION = 5.0;
			};
			name = Release;
		};
/* End XCBuildConfiguration section */

/* Begin XCConfigurationList section */
		5CD0DADF2FE3930A002D0325 /* Build configuration list for PBXProject "OpenEn" */ = {
			isa = XCConfigurationList;
			buildConfigurations = (
				5CD0DB2B2FE3930B002D0325 /* Debug */,
				5CD0DB2C2FE3930B002D0325 /* Release */,
			);
			defaultConfigurationIsVisible = 0;
			defaultConfigurationName = Release;
		};
		5CD0DB2D2FE3930B002D0325 /* Build configuration list for PBXNativeTarget "OpenEn Extension (iOS)" */ = {
			isa = XCConfigurationList;
			buildConfigurations = (
				5CD0DB2E2FE3930B002D0325 /* Debug */,
				5CD0DB2F2FE3930B002D0325 /* Release */,
			);
			defaultConfigurationIsVisible = 0;
			defaultConfigurationName = Release;
		};
		5CD0DB312FE3930B002D0325 /* Build configuration list for PBXNativeTarget "OpenEn (iOS)" */ = {
			isa = XCConfigurationList;
			buildConfigurations = (
				5CD0DB322FE3930B002D0325 /* Debug */,
				5CD0DB332FE3930B002D0325 /* Release */,
			);
			defaultConfigurationIsVisible = 0;
			defaultConfigurationName = Release;
		};
		5CD0DB342FE3930B002D0325 /* Build configuration list for PBXNativeTarget "OpenEn Extension (macOS)" */ = {
			isa = XCConfigurationList;
			buildConfigurations = (
				5CD0DB352FE3930B002D0325 /* Debug */,
				5CD0DB362FE3930B002D0325 /* Release */,
			);
			defaultConfigurationIsVisible = 0;
			defaultConfigurationName = Release;
		};
		5CD0DB382FE3930B002D0325 /* Build configuration list for PBXNativeTarget "OpenEn (macOS)" */ = {
			isa = XCConfigurationList;
			buildConfigurations = (
				5CD0DB392FE3930B002D0325 /* Debug */,
				5CD0DB3A2FE3930B002D0325 /* Release */,
			);
			defaultConfigurationIsVisible = 0;
			defaultConfigurationName = Release;
		};
/* End XCConfigurationList section */
	};
	rootObject = 5CD0DADC2FE3930A002D0325 /* Project object */;
}
